
Microsoft Visual Studio Solution File, Format Version 12.00
# Visual Studio 15
VisualStudioVersion = 15.0.28307.645
MinimumVisualStudioVersion = 10.0.40219.1
Project("{FAE04EC0-301F-11D3-BF4B-00C04F79EFBC}") = "FurbAPICore", "FurbAPICore\FurbAPICore.csproj", "{B2A777C7-BFEA-45EC-9C2B-795D3E8C392C}"
EndProject
Global
	GlobalSection(SolutionConfigurationPlatforms) = preSolution
		Debug|Any CPU = Debug|Any CPU
		Release|Any CPU = Release|Any CPU
	EndGlobalSection
	GlobalSection(ProjectConfigurationPlatforms) = postSolution
		{B2A777C7-BFEA-45EC-9C2B-795D3E8C392C}.Debug|Any CPU.ActiveCfg = Debug|Any CPU
		{B2A777C7-BFEA-45EC-9C2B-795D3E8C392C}.Debug|Any CPU.Build.0 = Debug|Any CPU
		{B2A777C7-BFEA-45EC-9C2B-795D3E8C392C}.Release|Any CPU.ActiveCfg = Release|Any CPU
		{B2A777C7-BFEA-45EC-9C2B-795D3E8C392C}.Release|Any CPU.Build.0 = Release|Any CPU
	EndGlobalSection
	GlobalSection(SolutionProperties) = preSolution
		HideSolutionNode = FALSE
	EndGlobalSection
	GlobalSection(ExtensibilityGlobals) = postSolution
		SolutionGuid = {D902291F-7D8D-45DE-A9D8-DA1ABD272C84}
	EndGlobalSection
EndGlobal
